
Microsoft Visual Studio Solution File, Format Version 12.00
# Visual Studio Version 16
VisualStudioVersion = 16.0.29806.167
MinimumVisualStudioVersion = 10.0.40219.1
Project("{8BC9CEB8-8B4A-11D0-8D11-00A0C91BC942}") = "youtube-dl-GUI-br", "youtube-dl-GUI-br.vcxproj", "{8B1B9215-3C73-4E15-8ABD-9A5575C1C63A}"
EndProject
Global
	GlobalSection(SolutionConfigurationPlatforms) = preSolution
		Debug|x64 = Debug|x64
		Debug|x86 = Debug|x86
		Release|x64 = Release|x64
		Release|x86 = Release|x86
	EndGlobalSection
	GlobalSection(ProjectConfigurationPlatforms) = postSolution
		{8B1B9215-3C73-4E15-8ABD-9A5575C1C63A}.Debug|x64.ActiveCfg = Debug|x64
		{8B1B9215-3C73-4E15-8ABD-9A5575C1C63A}.Debug|x64.Build.0 = Debug|x64
		{8B1B9215-3C73-4E15-8ABD-9A5575C1C63A}.Debug|x86.ActiveCfg = Debug|Win32
		{8B1B9215-3C73-4E15-8ABD-9A5575C1C63A}.Debug|x86.Build.0 = Debug|Win32
		{8B1B9215-3C73-4E15-8ABD-9A5575C1C63A}.Release|x64.ActiveCfg = Release|x64
		{8B1B9215-3C73-4E15-8ABD-9A5575C1C63A}.Release|x64.Build.0 = Release|x64
		{8B1B9215-3C73-4E15-8ABD-9A5575C1C63A}.Release|x86.ActiveCfg = Release|Win32
		{8B1B9215-3C73-4E15-8ABD-9A5575C1C63A}.Release|x86.Build.0 = Release|Win32
	EndGlobalSection
	GlobalSection(SolutionProperties) = preSolution
		HideSolutionNode = FALSE
	EndGlobalSection
	GlobalSection(ExtensibilityGlobals) = postSolution
		SolutionGuid = {609C25AC-81E4-4212-A879-92B471C1F92E}
	EndGlobalSection
EndGlobal
